
Microsoft Visual Studio Solution File, Format Version 12.00
# Visual Studio Version 17
VisualStudioVersion = 17.2.32616.157
MinimumVisualStudioVersion = 10.0.40219.1
Project("{FAE04EC0-301F-11D3-BF4B-00C04F79EFBC}") = "First_API", "First_API\First_API.csproj", "{F4C9C97A-0AB5-4F0F-A19B-AB190B5C8559}"
EndProject
Global
	GlobalSection(SolutionConfigurationPlatforms) = preSolution
		Debug|Any CPU = Debug|Any CPU
		Release|Any CPU = Release|Any CPU
	EndGlobalSection
	GlobalSection(ProjectConfigurationPlatforms) = postSolution
		{F4C9C97A-0AB5-4F0F-A19B-AB190B5C8559}.Debug|Any CPU.ActiveCfg = Debug|Any CPU
		{F4C9C97A-0AB5-4F0F-A19B-AB190B5C8559}.Debug|Any CPU.Build.0 = Debug|Any CPU
		{F4C9C97A-0AB5-4F0F-A19B-AB190B5C8559}.Release|Any CPU.ActiveCfg = Release|Any CPU
		{F4C9C97A-0AB5-4F0F-A19B-AB190B5C8559}.Release|Any CPU.Build.0 = Release|Any CPU
	EndGlobalSection
	GlobalSection(SolutionProperties) = preSolution
		HideSolutionNode = FALSE
	EndGlobalSection
	GlobalSection(ExtensibilityGlobals) = postSolution
		SolutionGuid = {816B17B0-7FBD-49FF-8C23-17051B512711}
	EndGlobalSection
EndGlobal
